{
  "requires": true,
  "lockfileVersion": 1,
  "dependencies": {
    "cf": {
      "version": "0.0.3",
      "resolved": "https://registry.npmjs.org/cf/-/cf-0.0.3.tgz",
      "integrity": "sha1-7eYJs34DmQBvOvq6YluAEo+S5tQ=",
      "requires": {
        "xtend": "~2.1.1"
      }
    },
    "kubectl": {
      "version": "0.0.0",
      "resolved": "https://registry.npmjs.org/kubectl/-/kubectl-0.0.0.tgz",
      "integrity": "sha1-e5pn/VYCQLstuVhVoxY6maOPpuY="
    },
    "object-keys": {
      "version": "0.4.0",
      "resolved": "https://registry.npmjs.org/object-keys/-/object-keys-0.4.0.tgz",
      "integrity": "sha1-KKaq50KN0sOpLz2V8hM13SBOAzY="
    },
    "xtend": {
      "version": "2.1.2",
      "resolved": "https://registry.npmjs.org/xtend/-/xtend-2.1.2.tgz",
      "integrity": "sha1-bv7MKk2tjmlixJAbM3znuoe10os=",
      "requires": {
        "object-keys": "~0.4.0"
      }
    }
  }
}
